
Microsoft Visual Studio Solution File, Format Version 12.00
# Visual Studio Version 16
VisualStudioVersion = 16.0.28803.202
MinimumVisualStudioVersion = 10.0.40219.1
Project("{FAE04EC0-301F-11D3-BF4B-00C04F79EFBC}") = "WorkDev.Android", "WorkDev\WorkDev.Android\WorkDev.Android.csproj", "{A92C7D7E-E07D-412A-8D00-F58AD310FDA7}"
EndProject
Project("{FAE04EC0-301F-11D3-BF4B-00C04F79EFBC}") = "WorkDev.iOS", "WorkDev\WorkDev.iOS\WorkDev.iOS.csproj", "{AF9096E4-68D8-458E-AEB7-0DA0E03F81E0}"
EndProject
Project("{FAE04EC0-301F-11D3-BF4B-00C04F79EFBC}") = "WorkDev", "WorkDev\WorkDev\WorkDev.csproj", "{EBE29223-FEE7-424F-BD6C-423DC749E9A6}"
EndProject
Global
	GlobalSection(SolutionConfigurationPlatforms) = preSolution
		Debug|Any CPU = Debug|Any CPU
		Debug|iPhone = Debug|iPhone
		Debug|iPhoneSimulator = Debug|iPhoneSimulator
		Release|Any CPU = Release|Any CPU
		Release|iPhone = Release|iPhone
		Release|iPhoneSimulator = Release|iPhoneSimulator
	EndGlobalSection
	GlobalSection(ProjectConfigurationPlatforms) = postSolution
		{A92C7D7E-E07D-412A-8D00-F58AD310FDA7}.Debug|Any CPU.ActiveCfg = Debug|Any CPU
		{A92C7D7E-E07D-412A-8D00-F58AD310FDA7}.Debug|Any CPU.Build.0 = Debug|Any CPU
		{A92C7D7E-E07D-412A-8D00-F58AD310FDA7}.Debug|Any CPU.Deploy.0 = Debug|Any CPU
		{A92C7D7E-E07D-412A-8D00-F58AD310FDA7}.Debug|iPhone.ActiveCfg = Debug|Any CPU
		{A92C7D7E-E07D-412A-8D00-F58AD310FDA7}.Debug|iPhone.Build.0 = Debug|Any CPU
		{A92C7D7E-E07D-412A-8D00-F58AD310FDA7}.Debug|iPhone.Deploy.0 = Debug|Any CPU
		{A92C7D7E-E07D-412A-8D00-F58AD310FDA7}.Debug|iPhoneSimulator.ActiveCfg = Debug|Any CPU
		{A92C7D7E-E07D-412A-8D00-F58AD310FDA7}.Debug|iPhoneSimulator.Build.0 = Debug|Any CPU
		{A92C7D7E-E07D-412A-8D00-F58AD310FDA7}.Debug|iPhoneSimulator.Deploy.0 = Debug|Any CPU
		{A92C7D7E-E07D-412A-8D00-F58AD310FDA7}.Release|Any CPU.ActiveCfg = Release|Any CPU
		{A92C7D7E-E07D-412A-8D00-F58AD310FDA7}.Release|Any CPU.Build.0 = Release|Any CPU
		{A92C7D7E-E07D-412A-8D00-F58AD310FDA7}.Release|Any CPU.Deploy.0 = Release|Any CPU
		{A92C7D7E-E07D-412A-8D00-F58AD310FDA7}.Release|iPhone.ActiveCfg = Release|Any CPU
		{A92C7D7E-E07D-412A-8D00-F58AD310FDA7}.Release|iPhone.Build.0 = Release|Any CPU
		{A92C7D7E-E07D-412A-8D00-F58AD310FDA7}.Release|iPhone.Deploy.0 = Release|Any CPU
		{A92C7D7E-E07D-412A-8D00-F58AD310FDA7}.Release|iPhoneSimulator.ActiveCfg = Release|Any CPU
		{A92C7D7E-E07D-412A-8D00-F58AD310FDA7}.Release|iPhoneSimulator.Build.0 = Release|Any CPU
		{A92C7D7E-E07D-412A-8D00-F58AD310FDA7}.Release|iPhoneSimulator.Deploy.0 = Release|Any CPU
		{AF9096E4-68D8-458E-AEB7-0DA0E03F81E0}.Debug|Any CPU.ActiveCfg = Debug|iPhoneSimulator
		{AF9096E4-68D8-458E-AEB7-0DA0E03F81E0}.Debug|Any CPU.Build.0 = Debug|iPhoneSimulator
		{AF9096E4-68D8-458E-AEB7-0DA0E03F81E0}.Debug|Any CPU.Deploy.0 = Debug|iPhoneSimulator
		{AF9096E4-68D8-458E-AEB7-0DA0E03F81E0}.Debug|iPhone.ActiveCfg = Debug|iPhone
		{AF9096E4-68D8-458E-AEB7-0DA0E03F81E0}.Debug|iPhone.Build.0 = Debug|iPhone
		{AF9096E4-68D8-458E-AEB7-0DA0E03F81E0}.Debug|iPhone.Deploy.0 = Debug|iPhone
		{AF9096E4-68D8-458E-AEB7-0DA0E03F81E0}.Debug|iPhoneSimulator.ActiveCfg = Debug|iPhoneSimulator
		{AF9096E4-68D8-458E-AEB7-0DA0E03F81E0}.Debug|iPhoneSimulator.Build.0 = Debug|iPhoneSimulator
		{AF9096E4-68D8-458E-AEB7-0DA0E03F81E0}.Debug|iPhoneSimulator.Deploy.0 = Debug|iPhoneSimulator
		{AF9096E4-68D8-458E-AEB7-0DA0E03F81E0}.Release|Any CPU.ActiveCfg = Release|iPhone
		{AF9096E4-68D8-458E-AEB7-0DA0E03F81E0}.Release|Any CPU.Build.0 = Release|iPhone
		{AF9096E4-68D8-458E-AEB7-0DA0E03F81E0}.Release|Any CPU.Deploy.0 = Release|iPhone
		{AF9096E4-68D8-458E-AEB7-0DA0E03F81E0}.Release|iPhone.ActiveCfg = Release|iPhone
		{AF9096E4-68D8-458E-AEB7-0DA0E03F81E0}.Release|iPhone.Build.0 = Release|iPhone
		{AF9096E4-68D8-458E-AEB7-0DA0E03F81E0}.Release|iPhone.Deploy.0 = Release|iPhone
		{AF9096E4-68D8-458E-AEB7-0DA0E03F81E0}.Release|iPhoneSimulator.ActiveCfg = Release|iPhoneSimulator
		{AF9096E4-68D8-458E-AEB7-0DA0E03F81E0}.Release|iPhoneSimulator.Build.0 = Release|iPhoneSimulator
		{AF9096E4-68D8-458E-AEB7-0DA0E03F81E0}.Release|iPhoneSimulator.Deploy.0 = Release|iPhoneSimulator
		{EBE29223-FEE7-424F-BD6C-423DC749E9A6}.Debug|Any CPU.ActiveCfg = Debug|Any CPU
		{EBE29223-FEE7-424F-BD6C-423DC749E9A6}.Debug|Any CPU.Build.0 = Debug|Any CPU
		{EBE29223-FEE7-424F-BD6C-423DC749E9A6}.Debug|Any CPU.Deploy.0 = Debug|Any CPU
		{EBE29223-FEE7-424F-BD6C-423DC749E9A6}.Debug|iPhone.ActiveCfg = Debug|Any CPU
		{EBE29223-FEE7-424F-BD6C-423DC749E9A6}.Debug|iPhone.Build.0 = Debug|Any CPU
		{EBE29223-FEE7-424F-BD6C-423DC749E9A6}.Debug|iPhone.Deploy.0 = Debug|Any CPU
		{EBE29223-FEE7-424F-BD6C-423DC749E9A6}.Debug|iPhoneSimulator.ActiveCfg = Debug|Any CPU
		{EBE29223-FEE7-424F-BD6C-423DC749E9A6}.Debug|iPhoneSimulator.Build.0 = Debug|Any CPU
		{EBE29223-FEE7-424F-BD6C-423DC749E9A6}.Debug|iPhoneSimulator.Deploy.0 = Debug|Any CPU
		{EBE29223-FEE7-424F-BD6C-423DC749E9A6}.Release|Any CPU.ActiveCfg = Release|Any CPU
		{EBE29223-FEE7-424F-BD6C-423DC749E9A6}.Release|Any CPU.Build.0 = Release|Any CPU
		{EBE29223-FEE7-424F-BD6C-423DC749E9A6}.Release|Any CPU.Deploy.0 = Release|Any CPU
		{EBE29223-FEE7-424F-BD6C-423DC749E9A6}.Release|iPhone.ActiveCfg = Release|Any CPU
		{EBE29223-FEE7-424F-BD6C-423DC749E9A6}.Release|iPhone.Build.0 = Release|Any CPU
		{EBE29223-FEE7-424F-BD6C-423DC749E9A6}.Release|iPhone.Deploy.0 = Release|Any CPU
		{EBE29223-FEE7-424F-BD6C-423DC749E9A6}.Release|iPhoneSimulator.ActiveCfg = Release|Any CPU
		{EBE29223-FEE7-424F-BD6C-423DC749E9A6}.Release|iPhoneSimulator.Build.0 = Release|Any CPU
		{EBE29223-FEE7-424F-BD6C-423DC749E9A6}.Release|iPhoneSimulator.Deploy.0 = Release|Any CPU
	EndGlobalSection
	GlobalSection(SolutionProperties) = preSolution
		HideSolutionNode = FALSE
	EndGlobalSection
	GlobalSection(ExtensibilityGlobals) = postSolution
		SolutionGuid = {A05FD910-7C2A-491F-84EF-04DC0336BFA8}
	EndGlobalSection
EndGlobal
